
Microsoft Visual Studio Solution File, Format Version 12.00
# Visual Studio 15
VisualStudioVersion = 15.0.28307.1259
MinimumVisualStudioVersion = 10.0.40219.1
Project("{FAE04EC0-301F-11D3-BF4B-00C04F79EFBC}") = "Nhadat24h", "Nhadat24h\Nhadat24h.csproj", "{1190DE78-9BE5-4B29-A5E2-41BF3FF8CC1A}"
EndProject
Global
	GlobalSection(SolutionConfigurationPlatforms) = preSolution
		Debug|Any CPU = Debug|Any CPU
		Release|Any CPU = Release|Any CPU
	EndGlobalSection
	GlobalSection(ProjectConfigurationPlatforms) = postSolution
		{1190DE78-9BE5-4B29-A5E2-41BF3FF8CC1A}.Debug|Any CPU.ActiveCfg = Debug|Any CPU
		{1190DE78-9BE5-4B29-A5E2-41BF3FF8CC1A}.Debug|Any CPU.Build.0 = Debug|Any CPU
		{1190DE78-9BE5-4B29-A5E2-41BF3FF8CC1A}.Release|Any CPU.ActiveCfg = Release|Any CPU
		{1190DE78-9BE5-4B29-A5E2-41BF3FF8CC1A}.Release|Any CPU.Build.0 = Release|Any CPU
	EndGlobalSection
	GlobalSection(SolutionProperties) = preSolution
		HideSolutionNode = FALSE
	EndGlobalSection
	GlobalSection(ExtensibilityGlobals) = postSolution
		SolutionGuid = {466D53D2-06B8-44C4-84E2-C829C6DB2587}
	EndGlobalSection
EndGlobal
